
Microsoft Visual Studio Solution File, Format Version 12.00
# Visual Studio Version 16
VisualStudioVersion = 16.0.810.0
MinimumVisualStudioVersion = 10.0.40219.1
Project("{FAE04EC0-301F-11D3-BF4B-00C04F79EFBC}") = "CommandAPI", "CommandAPI\CommandAPI.csproj", "{B659CCF3-CF61-43D2-ADA6-92E6A41219BD}"
EndProject
Project("{FAE04EC0-301F-11D3-BF4B-00C04F79EFBC}") = "CommandAPI.Tests", "CommandAPI.Tests\CommandAPI.Tests.csproj", "{0499105B-8357-4732-B222-C79E18069189}"
EndProject
Project("{2150E333-8FDC-42A3-9474-1A3956D46DE8}") = "Solution Items", "Solution Items", "{BAD18BD4-65FB-48EB-9489-008074838E28}"
	ProjectSection(SolutionItems) = preProject
		.gitignore = .gitignore
	EndProjectSection
EndProject
Global
	GlobalSection(SolutionConfigurationPlatforms) = preSolution
		Debug|Any CPU = Debug|Any CPU
		Release|Any CPU = Release|Any CPU
	EndGlobalSection
	GlobalSection(ProjectConfigurationPlatforms) = postSolution
		{B659CCF3-CF61-43D2-ADA6-92E6A41219BD}.Debug|Any CPU.ActiveCfg = Debug|Any CPU
		{B659CCF3-CF61-43D2-ADA6-92E6A41219BD}.Debug|Any CPU.Build.0 = Debug|Any CPU
		{B659CCF3-CF61-43D2-ADA6-92E6A41219BD}.Release|Any CPU.ActiveCfg = Release|Any CPU
		{B659CCF3-CF61-43D2-ADA6-92E6A41219BD}.Release|Any CPU.Build.0 = Release|Any CPU
		{0499105B-8357-4732-B222-C79E18069189}.Debug|Any CPU.ActiveCfg = Debug|Any CPU
		{0499105B-8357-4732-B222-C79E18069189}.Debug|Any CPU.Build.0 = Debug|Any CPU
		{0499105B-8357-4732-B222-C79E18069189}.Release|Any CPU.ActiveCfg = Release|Any CPU
		{0499105B-8357-4732-B222-C79E18069189}.Release|Any CPU.Build.0 = Release|Any CPU
	EndGlobalSection
	GlobalSection(SolutionProperties) = preSolution
		HideSolutionNode = FALSE
	EndGlobalSection
	GlobalSection(ExtensibilityGlobals) = postSolution
		SolutionGuid = {BD1253B9-EC89-4B5F-BC37-7FCBCB332558}
	EndGlobalSection
EndGlobal
